
Microsoft Visual Studio Solution File, Format Version 12.00
Project("{2150E333-8FDC-42A3-9474-1A3956D46DE8}") = "src", "src", "{9F5EA531-C4D9-4063-A782-CC0D4AD26844}"
EndProject
Project("{FAE04EC0-301F-11D3-BF4B-00C04F79EFBC}") = "Silo", "src\Silo\Silo.csproj", "{D2A953E7-DB1B-465E-AEBA-EEF188379B0E}"
EndProject
Project("{FAE04EC0-301F-11D3-BF4B-00C04F79EFBC}") = "Utils.Mvc", "src\Utils.Mvc\Utils.Mvc.csproj", "{754FB138-6786-411A-8C21-2703CF356B6A}"
EndProject
Project("{2150E333-8FDC-42A3-9474-1A3956D46DE8}") = "_misc", "_misc", "{DA678CE1-A6E5-4F52-9486-10C1EEE2888D}"
ProjectSection(SolutionItems) = preProject
	readme.md = readme.md
EndProjectSection
EndProject
Project("{FAE04EC0-301F-11D3-BF4B-00C04F79EFBC}") = "Domain", "src\Domain\Domain.csproj", "{81EF92ED-DAE5-48BA-AE7B-57E6D2F92F99}"
EndProject
Project("{FAE04EC0-301F-11D3-BF4B-00C04F79EFBC}") = "API", "src\API\API.csproj", "{4407E188-9BCD-4AF8-B21B-BF4BC55CFFC7}"
EndProject
Project("{2150E333-8FDC-42A3-9474-1A3956D46DE8}") = "_postgres", "_postgres", "{79862966-AD18-4425-BEA0-3E8B61D48E0B}"
ProjectSection(SolutionItems) = preProject
	postgres\Dockerfile = postgres\Dockerfile
	postgres\01_orleans_clustering_table.sql = postgres\01_orleans_clustering_table.sql
	postgres\02_orleans_clustering_data.sql = postgres\02_orleans_clustering_data.sql
	postgres\03_orleans_persistence.sql = postgres\03_orleans_persistence.sql
	postgres\04_read_schema.sql = postgres\04_read_schema.sql
EndProjectSection
EndProject
Project("{2150E333-8FDC-42A3-9474-1A3956D46DE8}") = "_kubernetes", "_kubernetes", "{CDFC1C35-F669-4397-9543-F4500376CF56}"
ProjectSection(SolutionItems) = preProject
	kubernetes\silo-config-maps.yaml = kubernetes\silo-config-maps.yaml
	kubernetes\silo-deployment.yaml = kubernetes\silo-deployment.yaml
	kubernetes\silo-service.yaml = kubernetes\silo-service.yaml
	kubernetes\api-config-maps.yaml = kubernetes\api-config-maps.yaml
	kubernetes\api-deployment.yaml = kubernetes\api-deployment.yaml
	kubernetes\api-service.yaml = kubernetes\api-service.yaml
	kubernetes\postgres-deployment.yaml = kubernetes\postgres-deployment.yaml
	kubernetes\postgres-service.yaml = kubernetes\postgres-service.yaml
EndProjectSection
EndProject
Project("{2150E333-8FDC-42A3-9474-1A3956D46DE8}") = "infrastructure", "infrastructure", "{7566F4C4-F404-4350-9FC9-3C7EF042720B}"
EndProject
Project("{2150E333-8FDC-42A3-9474-1A3956D46DE8}") = "application", "application", "{3AC1680A-85E5-4E50-9ACF-03284A0A5B39}"
EndProject
Project("{FAE04EC0-301F-11D3-BF4B-00C04F79EFBC}") = "Projections", "src\Projections\Projections.csproj", "{19C0E3F7-419E-4AA3-B48D-C4655D345E9F}"
EndProject
Project("{FAE04EC0-301F-11D3-BF4B-00C04F79EFBC}") = "WebSockets", "src\WebSockets\WebSockets.csproj", "{333D1632-ACF8-485B-A110-76F4F18DB277}"
EndProject
Project("{FAE04EC0-301F-11D3-BF4B-00C04F79EFBC}") = "Domain.Abstractions", "src\Domain.Abstractions\Domain.Abstractions.csproj", "{3974D7FF-A47C-40D7-9B9D-F1ABB983F1C2}"
EndProject
Project("{FAE04EC0-301F-11D3-BF4B-00C04F79EFBC}") = "API.Identity", "src\API.Identity\API.Identity.csproj", "{EBEE5B9C-6AD2-45D4-B847-40CE3C800221}"
EndProject
Global
	GlobalSection(SolutionConfigurationPlatforms) = preSolution
		Debug|Any CPU = Debug|Any CPU
		Release|Any CPU = Release|Any CPU
	EndGlobalSection
	GlobalSection(NestedProjects) = preSolution
		{81EF92ED-DAE5-48BA-AE7B-57E6D2F92F99} = {9F5EA531-C4D9-4063-A782-CC0D4AD26844}
		{7566F4C4-F404-4350-9FC9-3C7EF042720B} = {9F5EA531-C4D9-4063-A782-CC0D4AD26844}
		{3AC1680A-85E5-4E50-9ACF-03284A0A5B39} = {9F5EA531-C4D9-4063-A782-CC0D4AD26844}
		{4407E188-9BCD-4AF8-B21B-BF4BC55CFFC7} = {3AC1680A-85E5-4E50-9ACF-03284A0A5B39}
		{754FB138-6786-411A-8C21-2703CF356B6A} = {3AC1680A-85E5-4E50-9ACF-03284A0A5B39}
		{D2A953E7-DB1B-465E-AEBA-EEF188379B0E} = {3AC1680A-85E5-4E50-9ACF-03284A0A5B39}
		{19C0E3F7-419E-4AA3-B48D-C4655D345E9F} = {7566F4C4-F404-4350-9FC9-3C7EF042720B}
		{333D1632-ACF8-485B-A110-76F4F18DB277} = {7566F4C4-F404-4350-9FC9-3C7EF042720B}
		{3974D7FF-A47C-40D7-9B9D-F1ABB983F1C2} = {9F5EA531-C4D9-4063-A782-CC0D4AD26844}
		{EBEE5B9C-6AD2-45D4-B847-40CE3C800221} = {3AC1680A-85E5-4E50-9ACF-03284A0A5B39}
	EndGlobalSection
	GlobalSection(ProjectConfigurationPlatforms) = postSolution
		{D2A953E7-DB1B-465E-AEBA-EEF188379B0E}.Debug|Any CPU.ActiveCfg = Debug|Any CPU
		{D2A953E7-DB1B-465E-AEBA-EEF188379B0E}.Debug|Any CPU.Build.0 = Debug|Any CPU
		{D2A953E7-DB1B-465E-AEBA-EEF188379B0E}.Release|Any CPU.ActiveCfg = Release|Any CPU
		{D2A953E7-DB1B-465E-AEBA-EEF188379B0E}.Release|Any CPU.Build.0 = Release|Any CPU
		{754FB138-6786-411A-8C21-2703CF356B6A}.Debug|Any CPU.ActiveCfg = Debug|Any CPU
		{754FB138-6786-411A-8C21-2703CF356B6A}.Debug|Any CPU.Build.0 = Debug|Any CPU
		{754FB138-6786-411A-8C21-2703CF356B6A}.Release|Any CPU.ActiveCfg = Release|Any CPU
		{754FB138-6786-411A-8C21-2703CF356B6A}.Release|Any CPU.Build.0 = Release|Any CPU
		{81EF92ED-DAE5-48BA-AE7B-57E6D2F92F99}.Debug|Any CPU.ActiveCfg = Debug|Any CPU
		{81EF92ED-DAE5-48BA-AE7B-57E6D2F92F99}.Debug|Any CPU.Build.0 = Debug|Any CPU
		{81EF92ED-DAE5-48BA-AE7B-57E6D2F92F99}.Release|Any CPU.ActiveCfg = Release|Any CPU
		{81EF92ED-DAE5-48BA-AE7B-57E6D2F92F99}.Release|Any CPU.Build.0 = Release|Any CPU
		{4407E188-9BCD-4AF8-B21B-BF4BC55CFFC7}.Debug|Any CPU.ActiveCfg = Debug|Any CPU
		{4407E188-9BCD-4AF8-B21B-BF4BC55CFFC7}.Debug|Any CPU.Build.0 = Debug|Any CPU
		{4407E188-9BCD-4AF8-B21B-BF4BC55CFFC7}.Release|Any CPU.ActiveCfg = Release|Any CPU
		{4407E188-9BCD-4AF8-B21B-BF4BC55CFFC7}.Release|Any CPU.Build.0 = Release|Any CPU
		{19C0E3F7-419E-4AA3-B48D-C4655D345E9F}.Debug|Any CPU.ActiveCfg = Debug|Any CPU
		{19C0E3F7-419E-4AA3-B48D-C4655D345E9F}.Debug|Any CPU.Build.0 = Debug|Any CPU
		{19C0E3F7-419E-4AA3-B48D-C4655D345E9F}.Release|Any CPU.ActiveCfg = Release|Any CPU
		{19C0E3F7-419E-4AA3-B48D-C4655D345E9F}.Release|Any CPU.Build.0 = Release|Any CPU
		{333D1632-ACF8-485B-A110-76F4F18DB277}.Debug|Any CPU.ActiveCfg = Debug|Any CPU
		{333D1632-ACF8-485B-A110-76F4F18DB277}.Debug|Any CPU.Build.0 = Debug|Any CPU
		{333D1632-ACF8-485B-A110-76F4F18DB277}.Release|Any CPU.ActiveCfg = Release|Any CPU
		{333D1632-ACF8-485B-A110-76F4F18DB277}.Release|Any CPU.Build.0 = Release|Any CPU
		{3974D7FF-A47C-40D7-9B9D-F1ABB983F1C2}.Debug|Any CPU.ActiveCfg = Debug|Any CPU
		{3974D7FF-A47C-40D7-9B9D-F1ABB983F1C2}.Debug|Any CPU.Build.0 = Debug|Any CPU
		{3974D7FF-A47C-40D7-9B9D-F1ABB983F1C2}.Release|Any CPU.ActiveCfg = Release|Any CPU
		{3974D7FF-A47C-40D7-9B9D-F1ABB983F1C2}.Release|Any CPU.Build.0 = Release|Any CPU
		{EBEE5B9C-6AD2-45D4-B847-40CE3C800221}.Debug|Any CPU.ActiveCfg = Debug|Any CPU
		{EBEE5B9C-6AD2-45D4-B847-40CE3C800221}.Debug|Any CPU.Build.0 = Debug|Any CPU
		{EBEE5B9C-6AD2-45D4-B847-40CE3C800221}.Release|Any CPU.ActiveCfg = Release|Any CPU
		{EBEE5B9C-6AD2-45D4-B847-40CE3C800221}.Release|Any CPU.Build.0 = Release|Any CPU
	EndGlobalSection
EndGlobal
